
Microsoft Visual Studio Solution File, Format Version 12.00
# Visual Studio 15
VisualStudioVersion = 15.0.28307.421
MinimumVisualStudioVersion = 10.0.40219.1
Project("{FAE04EC0-301F-11D3-BF4B-00C04F79EFBC}") = "TodoApi", "TodoApi\TodoApi.csproj", "{A05F9283-2EB7-4067-962B-B8A18BD69093}"
EndProject
Global
	GlobalSection(SolutionConfigurationPlatforms) = preSolution
		Debug|Any CPU = Debug|Any CPU
		Release|Any CPU = Release|Any CPU
	EndGlobalSection
	GlobalSection(ProjectConfigurationPlatforms) = postSolution
		{A05F9283-2EB7-4067-962B-B8A18BD69093}.Debug|Any CPU.ActiveCfg = Debug|Any CPU
		{A05F9283-2EB7-4067-962B-B8A18BD69093}.Debug|Any CPU.Build.0 = Debug|Any CPU
		{A05F9283-2EB7-4067-962B-B8A18BD69093}.Release|Any CPU.ActiveCfg = Release|Any CPU
		{A05F9283-2EB7-4067-962B-B8A18BD69093}.Release|Any CPU.Build.0 = Release|Any CPU
	EndGlobalSection
	GlobalSection(SolutionProperties) = preSolution
		HideSolutionNode = FALSE
	EndGlobalSection
	GlobalSection(ExtensibilityGlobals) = postSolution
		SolutionGuid = {62F3E397-E3A9-4978-9FFF-5383B86C508A}
	EndGlobalSection
EndGlobal
